
Microsoft Visual Studio Solution File, Format Version 12.00
# Visual Studio Version 17
VisualStudioVersion = 17.0.31912.275
MinimumVisualStudioVersion = 10.0.40219.1
Project("{FAE04EC0-301F-11D3-BF4B-00C04F79EFBC}") = "PierwszaAplikacjaMVVM", "PierwszaAplikacjaMVVM\PierwszaAplikacjaMVVM.csproj", "{9AABA543-0719-4376-B764-B352A7CB4ABB}"
EndProject
Global
	GlobalSection(SolutionConfigurationPlatforms) = preSolution
		Debug|Any CPU = Debug|Any CPU
		Release|Any CPU = Release|Any CPU
	EndGlobalSection
	GlobalSection(ProjectConfigurationPlatforms) = postSolution
		{9AABA543-0719-4376-B764-B352A7CB4ABB}.Debug|Any CPU.ActiveCfg = Debug|Any CPU
		{9AABA543-0719-4376-B764-B352A7CB4ABB}.Debug|Any CPU.Build.0 = Debug|Any CPU
		{9AABA543-0719-4376-B764-B352A7CB4ABB}.Release|Any CPU.ActiveCfg = Release|Any CPU
		{9AABA543-0719-4376-B764-B352A7CB4ABB}.Release|Any CPU.Build.0 = Release|Any CPU
	EndGlobalSection
	GlobalSection(SolutionProperties) = preSolution
		HideSolutionNode = FALSE
	EndGlobalSection
	GlobalSection(ExtensibilityGlobals) = postSolution
		SolutionGuid = {FB5B3EDB-BB42-40A5-8C3A-281DC65B16B5}
	EndGlobalSection
EndGlobal
