
Microsoft Visual Studio Solution File, Format Version 12.00
# Visual Studio Version 17
VisualStudioVersion = 17.0.31912.275
MinimumVisualStudioVersion = 10.0.40219.1
Project("{FAE04EC0-301F-11D3-BF4B-00C04F79EFBC}") = "XAML", "XAML\XAML.csproj", "{06A4A048-C31B-4649-9EA6-1A348BDD3404}"
EndProject
Global
	GlobalSection(SolutionConfigurationPlatforms) = preSolution
		Debug|Any CPU = Debug|Any CPU
		Release|Any CPU = Release|Any CPU
	EndGlobalSection
	GlobalSection(ProjectConfigurationPlatforms) = postSolution
		{06A4A048-C31B-4649-9EA6-1A348BDD3404}.Debug|Any CPU.ActiveCfg = Debug|Any CPU
		{06A4A048-C31B-4649-9EA6-1A348BDD3404}.Debug|Any CPU.Build.0 = Debug|Any CPU
		{06A4A048-C31B-4649-9EA6-1A348BDD3404}.Release|Any CPU.ActiveCfg = Release|Any CPU
		{06A4A048-C31B-4649-9EA6-1A348BDD3404}.Release|Any CPU.Build.0 = Release|Any CPU
	EndGlobalSection
	GlobalSection(SolutionProperties) = preSolution
		HideSolutionNode = FALSE
	EndGlobalSection
	GlobalSection(ExtensibilityGlobals) = postSolution
		SolutionGuid = {DC1FAEA6-1658-40DE-B696-80943C93740F}
	EndGlobalSection
EndGlobal
