
Microsoft Visual Studio Solution File, Format Version 12.00
# Visual Studio Version 17
VisualStudioVersion = 17.0.31912.275
MinimumVisualStudioVersion = 10.0.40219.1
Project("{FAE04EC0-301F-11D3-BF4B-00C04F79EFBC}") = "RównanieKwadratowe", "RównanieKwadratowe\RównanieKwadratowe.csproj", "{5E5BE695-7D52-40FF-9350-994D427D414E}"
EndProject
Global
	GlobalSection(SolutionConfigurationPlatforms) = preSolution
		Debug|Any CPU = Debug|Any CPU
		Release|Any CPU = Release|Any CPU
	EndGlobalSection
	GlobalSection(ProjectConfigurationPlatforms) = postSolution
		{5E5BE695-7D52-40FF-9350-994D427D414E}.Debug|Any CPU.ActiveCfg = Debug|Any CPU
		{5E5BE695-7D52-40FF-9350-994D427D414E}.Debug|Any CPU.Build.0 = Debug|Any CPU
		{5E5BE695-7D52-40FF-9350-994D427D414E}.Release|Any CPU.ActiveCfg = Release|Any CPU
		{5E5BE695-7D52-40FF-9350-994D427D414E}.Release|Any CPU.Build.0 = Release|Any CPU
	EndGlobalSection
	GlobalSection(SolutionProperties) = preSolution
		HideSolutionNode = FALSE
	EndGlobalSection
	GlobalSection(ExtensibilityGlobals) = postSolution
		SolutionGuid = {4F57E8E2-1A69-47D3-A7B4-182A1943E57B}
	EndGlobalSection
EndGlobal
